
Microsoft Visual Studio Solution File, Format Version 12.00
# Visual Studio Version 17
VisualStudioVersion = 17.0.31612.314
MinimumVisualStudioVersion = 10.0.40219.1
Project("{9A19103F-16F7-4668-BE54-9A1E7A4F7556}") = "Ebd.Domain.Core", "Ebd.Domain.Core\Ebd.Domain.Core.csproj", "{39F2B5F9-A94B-4343-B661-007B36CCBC15}"
EndProject
Project("{9A19103F-16F7-4668-BE54-9A1E7A4F7556}") = "Ebd.Infra.Data", "Ebd.Infra.Data\Ebd.Infra.Data.csproj", "{CC3143B6-5302-4783-9F30-8077E1AB08A8}"
EndProject
Project("{9A19103F-16F7-4668-BE54-9A1E7A4F7556}") = "Ebd.Presentation.Api", "Ebd.Presentation.Api\Ebd.Presentation.Api.csproj", "{7F3B62E5-A759-4AC6-9773-2F76460EB622}"
EndProject
Project("{2150E333-8FDC-42A3-9474-1A3956D46DE8}") = "1 - Presentation", "1 - Presentation", "{9DEA8F27-81FD-458A-B2FF-6834121DA950}"
EndProject
Project("{2150E333-8FDC-42A3-9474-1A3956D46DE8}") = "3 - Domain", "3 - Domain", "{20B6B4A6-CEC0-4EEE-8EA0-DD05A2E67C4A}"
EndProject
Project("{2150E333-8FDC-42A3-9474-1A3956D46DE8}") = "4 - Infra", "4 - Infra", "{70C6376F-AAD4-4D3D-8147-7CFA74139262}"
EndProject
Project("{2150E333-8FDC-42A3-9474-1A3956D46DE8}") = "Data", "Data", "{15A5C25E-A4FC-4973-9D82-55B667D47741}"
EndProject
Project("{2150E333-8FDC-42A3-9474-1A3956D46DE8}") = "5 - CrossCutting", "5 - CrossCutting", "{166E1246-7341-4651-9CF0-7F965C77D839}"
EndProject
Project("{9A19103F-16F7-4668-BE54-9A1E7A4F7556}") = "Ebd.CrossCutting.IoC", "Ebd.CrossCutting.IoC\Ebd.CrossCutting.IoC.csproj", "{73488D39-F1D0-4EDF-95A8-EA03D8AD126B}"
EndProject
Project("{2150E333-8FDC-42A3-9474-1A3956D46DE8}") = "2 - Application", "2 - Application", "{4DB506D7-D699-4A6B-B848-E148AFA8F9F6}"
EndProject
Project("{9A19103F-16F7-4668-BE54-9A1E7A4F7556}") = "Ebd.Application", "Ebd.Application\Ebd.Application.csproj", "{F9674F7B-07DF-4361-A119-FBF4CD4DCB74}"
EndProject
Project("{FAE04EC0-301F-11D3-BF4B-00C04F79EFBC}") = "Ebd.Mobile.Android", "Ebd.Mobile\Ebd.Mobile.Android\Ebd.Mobile.Android.csproj", "{5BCFC59A-102B-4A89-BA5A-BBE5A63B975F}"
EndProject
Project("{FAE04EC0-301F-11D3-BF4B-00C04F79EFBC}") = "Ebd.Mobile.iOS", "Ebd.Mobile\Ebd.Mobile.iOS\Ebd.Mobile.iOS.csproj", "{CEEEB444-F6ED-4E86-8C63-42BFFC8CED9A}"
EndProject
Project("{9A19103F-16F7-4668-BE54-9A1E7A4F7556}") = "Ebd.Mobile", "Ebd.Mobile\Ebd.Mobile\Ebd.Mobile.csproj", "{C874A1B5-9235-4F7A-8A92-60702B332495}"
EndProject
Project("{FAE04EC0-301F-11D3-BF4B-00C04F79EFBC}") = "Ebd.Application.Tests", "Ebd.Application.Tests\Ebd.Application.Tests.csproj", "{E00445B8-BAB2-4D75-B9F9-82F9E0304DB7}"
EndProject
Global
	GlobalSection(SolutionConfigurationPlatforms) = preSolution
		Debug|Any CPU = Debug|Any CPU
		Debug|iPhone = Debug|iPhone
		Debug|iPhoneSimulator = Debug|iPhoneSimulator
		Release|Any CPU = Release|Any CPU
		Release|iPhone = Release|iPhone
		Release|iPhoneSimulator = Release|iPhoneSimulator
	EndGlobalSection
	GlobalSection(ProjectConfigurationPlatforms) = postSolution
		{39F2B5F9-A94B-4343-B661-007B36CCBC15}.Debug|Any CPU.ActiveCfg = Debug|Any CPU
		{39F2B5F9-A94B-4343-B661-007B36CCBC15}.Debug|Any CPU.Build.0 = Debug|Any CPU
		{39F2B5F9-A94B-4343-B661-007B36CCBC15}.Debug|iPhone.ActiveCfg = Debug|Any CPU
		{39F2B5F9-A94B-4343-B661-007B36CCBC15}.Debug|iPhone.Build.0 = Debug|Any CPU
		{39F2B5F9-A94B-4343-B661-007B36CCBC15}.Debug|iPhoneSimulator.ActiveCfg = Debug|Any CPU
		{39F2B5F9-A94B-4343-B661-007B36CCBC15}.Debug|iPhoneSimulator.Build.0 = Debug|Any CPU
		{39F2B5F9-A94B-4343-B661-007B36CCBC15}.Release|Any CPU.ActiveCfg = Release|Any CPU
		{39F2B5F9-A94B-4343-B661-007B36CCBC15}.Release|Any CPU.Build.0 = Release|Any CPU
		{39F2B5F9-A94B-4343-B661-007B36CCBC15}.Release|iPhone.ActiveCfg = Release|Any CPU
		{39F2B5F9-A94B-4343-B661-007B36CCBC15}.Release|iPhone.Build.0 = Release|Any CPU
		{39F2B5F9-A94B-4343-B661-007B36CCBC15}.Release|iPhoneSimulator.ActiveCfg = Release|Any CPU
		{39F2B5F9-A94B-4343-B661-007B36CCBC15}.Release|iPhoneSimulator.Build.0 = Release|Any CPU
		{CC3143B6-5302-4783-9F30-8077E1AB08A8}.Debug|Any CPU.ActiveCfg = Debug|Any CPU
		{CC3143B6-5302-4783-9F30-8077E1AB08A8}.Debug|Any CPU.Build.0 = Debug|Any CPU
		{CC3143B6-5302-4783-9F30-8077E1AB08A8}.Debug|iPhone.ActiveCfg = Debug|Any CPU
		{CC3143B6-5302-4783-9F30-8077E1AB08A8}.Debug|iPhone.Build.0 = Debug|Any CPU
		{CC3143B6-5302-4783-9F30-8077E1AB08A8}.Debug|iPhoneSimulator.ActiveCfg = Debug|Any CPU
		{CC3143B6-5302-4783-9F30-8077E1AB08A8}.Debug|iPhoneSimulator.Build.0 = Debug|Any CPU
		{CC3143B6-5302-4783-9F30-8077E1AB08A8}.Release|Any CPU.ActiveCfg = Release|Any CPU
		{CC3143B6-5302-4783-9F30-8077E1AB08A8}.Release|Any CPU.Build.0 = Release|Any CPU
		{CC3143B6-5302-4783-9F30-8077E1AB08A8}.Release|iPhone.ActiveCfg = Release|Any CPU
		{CC3143B6-5302-4783-9F30-8077E1AB08A8}.Release|iPhone.Build.0 = Release|Any CPU
		{CC3143B6-5302-4783-9F30-8077E1AB08A8}.Release|iPhoneSimulator.ActiveCfg = Release|Any CPU
		{CC3143B6-5302-4783-9F30-8077E1AB08A8}.Release|iPhoneSimulator.Build.0 = Release|Any CPU
		{7F3B62E5-A759-4AC6-9773-2F76460EB622}.Debug|Any CPU.ActiveCfg = Debug|Any CPU
		{7F3B62E5-A759-4AC6-9773-2F76460EB622}.Debug|Any CPU.Build.0 = Debug|Any CPU
		{7F3B62E5-A759-4AC6-9773-2F76460EB622}.Debug|iPhone.ActiveCfg = Debug|Any CPU
		{7F3B62E5-A759-4AC6-9773-2F76460EB622}.Debug|iPhone.Build.0 = Debug|Any CPU
		{7F3B62E5-A759-4AC6-9773-2F76460EB622}.Debug|iPhoneSimulator.ActiveCfg = Debug|Any CPU
		{7F3B62E5-A759-4AC6-9773-2F76460EB622}.Debug|iPhoneSimulator.Build.0 = Debug|Any CPU
		{7F3B62E5-A759-4AC6-9773-2F76460EB622}.Release|Any CPU.ActiveCfg = Release|Any CPU
		{7F3B62E5-A759-4AC6-9773-2F76460EB622}.Release|Any CPU.Build.0 = Release|Any CPU
		{7F3B62E5-A759-4AC6-9773-2F76460EB622}.Release|iPhone.ActiveCfg = Release|Any CPU
		{7F3B62E5-A759-4AC6-9773-2F76460EB622}.Release|iPhone.Build.0 = Release|Any CPU
		{7F3B62E5-A759-4AC6-9773-2F76460EB622}.Release|iPhoneSimulator.ActiveCfg = Release|Any CPU
		{7F3B62E5-A759-4AC6-9773-2F76460EB622}.Release|iPhoneSimulator.Build.0 = Release|Any CPU
		{73488D39-F1D0-4EDF-95A8-EA03D8AD126B}.Debug|Any CPU.ActiveCfg = Debug|Any CPU
		{73488D39-F1D0-4EDF-95A8-EA03D8AD126B}.Debug|Any CPU.Build.0 = Debug|Any CPU
		{73488D39-F1D0-4EDF-95A8-EA03D8AD126B}.Debug|iPhone.ActiveCfg = Debug|Any CPU
		{73488D39-F1D0-4EDF-95A8-EA03D8AD126B}.Debug|iPhone.Build.0 = Debug|Any CPU
		{73488D39-F1D0-4EDF-95A8-EA03D8AD126B}.Debug|iPhoneSimulator.ActiveCfg = Debug|Any CPU
		{73488D39-F1D0-4EDF-95A8-EA03D8AD126B}.Debug|iPhoneSimulator.Build.0 = Debug|Any CPU
		{73488D39-F1D0-4EDF-95A8-EA03D8AD126B}.Release|Any CPU.ActiveCfg = Release|Any CPU
		{73488D39-F1D0-4EDF-95A8-EA03D8AD126B}.Release|Any CPU.Build.0 = Release|Any CPU
		{73488D39-F1D0-4EDF-95A8-EA03D8AD126B}.Release|iPhone.ActiveCfg = Release|Any CPU
		{73488D39-F1D0-4EDF-95A8-EA03D8AD126B}.Release|iPhone.Build.0 = Release|Any CPU
		{73488D39-F1D0-4EDF-95A8-EA03D8AD126B}.Release|iPhoneSimulator.ActiveCfg = Release|Any CPU
		{73488D39-F1D0-4EDF-95A8-EA03D8AD126B}.Release|iPhoneSimulator.Build.0 = Release|Any CPU
		{F9674F7B-07DF-4361-A119-FBF4CD4DCB74}.Debug|Any CPU.ActiveCfg = Debug|Any CPU
		{F9674F7B-07DF-4361-A119-FBF4CD4DCB74}.Debug|Any CPU.Build.0 = Debug|Any CPU
		{F9674F7B-07DF-4361-A119-FBF4CD4DCB74}.Debug|iPhone.ActiveCfg = Debug|Any CPU
		{F9674F7B-07DF-4361-A119-FBF4CD4DCB74}.Debug|iPhone.Build.0 = Debug|Any CPU
		{F9674F7B-07DF-4361-A119-FBF4CD4DCB74}.Debug|iPhoneSimulator.ActiveCfg = Debug|Any CPU
		{F9674F7B-07DF-4361-A119-FBF4CD4DCB74}.Debug|iPhoneSimulator.Build.0 = Debug|Any CPU
		{F9674F7B-07DF-4361-A119-FBF4CD4DCB74}.Release|Any CPU.ActiveCfg = Release|Any CPU
		{F9674F7B-07DF-4361-A119-FBF4CD4DCB74}.Release|Any CPU.Build.0 = Release|Any CPU
		{F9674F7B-07DF-4361-A119-FBF4CD4DCB74}.Release|iPhone.ActiveCfg = Release|Any CPU
		{F9674F7B-07DF-4361-A119-FBF4CD4DCB74}.Release|iPhone.Build.0 = Release|Any CPU
		{F9674F7B-07DF-4361-A119-FBF4CD4DCB74}.Release|iPhoneSimulator.ActiveCfg = Release|Any CPU
		{F9674F7B-07DF-4361-A119-FBF4CD4DCB74}.Release|iPhoneSimulator.Build.0 = Release|Any CPU
		{5BCFC59A-102B-4A89-BA5A-BBE5A63B975F}.Debug|Any CPU.ActiveCfg = Debug|Any CPU
		{5BCFC59A-102B-4A89-BA5A-BBE5A63B975F}.Debug|Any CPU.Build.0 = Debug|Any CPU
		{5BCFC59A-102B-4A89-BA5A-BBE5A63B975F}.Debug|Any CPU.Deploy.0 = Debug|Any CPU
		{5BCFC59A-102B-4A89-BA5A-BBE5A63B975F}.Debug|iPhone.ActiveCfg = Debug|Any CPU
		{5BCFC59A-102B-4A89-BA5A-BBE5A63B975F}.Debug|iPhone.Build.0 = Debug|Any CPU
		{5BCFC59A-102B-4A89-BA5A-BBE5A63B975F}.Debug|iPhone.Deploy.0 = Debug|Any CPU
		{5BCFC59A-102B-4A89-BA5A-BBE5A63B975F}.Debug|iPhoneSimulator.ActiveCfg = Debug|Any CPU
		{5BCFC59A-102B-4A89-BA5A-BBE5A63B975F}.Debug|iPhoneSimulator.Build.0 = Debug|Any CPU
		{5BCFC59A-102B-4A89-BA5A-BBE5A63B975F}.Debug|iPhoneSimulator.Deploy.0 = Debug|Any CPU
		{5BCFC59A-102B-4A89-BA5A-BBE5A63B975F}.Release|Any CPU.ActiveCfg = Release|Any CPU
		{5BCFC59A-102B-4A89-BA5A-BBE5A63B975F}.Release|Any CPU.Build.0 = Release|Any CPU
		{5BCFC59A-102B-4A89-BA5A-BBE5A63B975F}.Release|Any CPU.Deploy.0 = Release|Any CPU
		{5BCFC59A-102B-4A89-BA5A-BBE5A63B975F}.Release|iPhone.ActiveCfg = Release|Any CPU
		{5BCFC59A-102B-4A89-BA5A-BBE5A63B975F}.Release|iPhone.Build.0 = Release|Any CPU
		{5BCFC59A-102B-4A89-BA5A-BBE5A63B975F}.Release|iPhone.Deploy.0 = Release|Any CPU
		{5BCFC59A-102B-4A89-BA5A-BBE5A63B975F}.Release|iPhoneSimulator.ActiveCfg = Release|Any CPU
		{5BCFC59A-102B-4A89-BA5A-BBE5A63B975F}.Release|iPhoneSimulator.Build.0 = Release|Any CPU
		{5BCFC59A-102B-4A89-BA5A-BBE5A63B975F}.Release|iPhoneSimulator.Deploy.0 = Release|Any CPU
		{CEEEB444-F6ED-4E86-8C63-42BFFC8CED9A}.Debug|Any CPU.ActiveCfg = Debug|iPhoneSimulator
		{CEEEB444-F6ED-4E86-8C63-42BFFC8CED9A}.Debug|iPhone.ActiveCfg = Debug|iPhone
		{CEEEB444-F6ED-4E86-8C63-42BFFC8CED9A}.Debug|iPhone.Build.0 = Debug|iPhone
		{CEEEB444-F6ED-4E86-8C63-42BFFC8CED9A}.Debug|iPhoneSimulator.ActiveCfg = Debug|iPhoneSimulator
		{CEEEB444-F6ED-4E86-8C63-42BFFC8CED9A}.Debug|iPhoneSimulator.Build.0 = Debug|iPhoneSimulator
		{CEEEB444-F6ED-4E86-8C63-42BFFC8CED9A}.Release|Any CPU.ActiveCfg = Release|iPhoneSimulator
		{CEEEB444-F6ED-4E86-8C63-42BFFC8CED9A}.Release|iPhone.ActiveCfg = Release|iPhone
		{CEEEB444-F6ED-4E86-8C63-42BFFC8CED9A}.Release|iPhone.Build.0 = Release|iPhone
		{CEEEB444-F6ED-4E86-8C63-42BFFC8CED9A}.Release|iPhoneSimulator.ActiveCfg = Release|iPhoneSimulator
		{CEEEB444-F6ED-4E86-8C63-42BFFC8CED9A}.Release|iPhoneSimulator.Build.0 = Release|iPhoneSimulator
		{C874A1B5-9235-4F7A-8A92-60702B332495}.Debug|Any CPU.ActiveCfg = Debug|Any CPU
		{C874A1B5-9235-4F7A-8A92-60702B332495}.Debug|Any CPU.Build.0 = Debug|Any CPU
		{C874A1B5-9235-4F7A-8A92-60702B332495}.Debug|iPhone.ActiveCfg = Debug|Any CPU
		{C874A1B5-9235-4F7A-8A92-60702B332495}.Debug|iPhone.Build.0 = Debug|Any CPU
		{C874A1B5-9235-4F7A-8A92-60702B332495}.Debug|iPhoneSimulator.ActiveCfg = Debug|Any CPU
		{C874A1B5-9235-4F7A-8A92-60702B332495}.Debug|iPhoneSimulator.Build.0 = Debug|Any CPU
		{C874A1B5-9235-4F7A-8A92-60702B332495}.Release|Any CPU.ActiveCfg = Release|Any CPU
		{C874A1B5-9235-4F7A-8A92-60702B332495}.Release|Any CPU.Build.0 = Release|Any CPU
		{C874A1B5-9235-4F7A-8A92-60702B332495}.Release|iPhone.ActiveCfg = Release|Any CPU
		{C874A1B5-9235-4F7A-8A92-60702B332495}.Release|iPhone.Build.0 = Release|Any CPU
		{C874A1B5-9235-4F7A-8A92-60702B332495}.Release|iPhoneSimulator.ActiveCfg = Release|Any CPU
		{C874A1B5-9235-4F7A-8A92-60702B332495}.Release|iPhoneSimulator.Build.0 = Release|Any CPU
		{E00445B8-BAB2-4D75-B9F9-82F9E0304DB7}.Debug|Any CPU.ActiveCfg = Debug|Any CPU
		{E00445B8-BAB2-4D75-B9F9-82F9E0304DB7}.Debug|Any CPU.Build.0 = Debug|Any CPU
		{E00445B8-BAB2-4D75-B9F9-82F9E0304DB7}.Debug|iPhone.ActiveCfg = Debug|Any CPU
		{E00445B8-BAB2-4D75-B9F9-82F9E0304DB7}.Debug|iPhone.Build.0 = Debug|Any CPU
		{E00445B8-BAB2-4D75-B9F9-82F9E0304DB7}.Debug|iPhoneSimulator.ActiveCfg = Debug|Any CPU
		{E00445B8-BAB2-4D75-B9F9-82F9E0304DB7}.Debug|iPhoneSimulator.Build.0 = Debug|Any CPU
		{E00445B8-BAB2-4D75-B9F9-82F9E0304DB7}.Release|Any CPU.ActiveCfg = Release|Any CPU
		{E00445B8-BAB2-4D75-B9F9-82F9E0304DB7}.Release|Any CPU.Build.0 = Release|Any CPU
		{E00445B8-BAB2-4D75-B9F9-82F9E0304DB7}.Release|iPhone.ActiveCfg = Release|Any CPU
		{E00445B8-BAB2-4D75-B9F9-82F9E0304DB7}.Release|iPhone.Build.0 = Release|Any CPU
		{E00445B8-BAB2-4D75-B9F9-82F9E0304DB7}.Release|iPhoneSimulator.ActiveCfg = Release|Any CPU
		{E00445B8-BAB2-4D75-B9F9-82F9E0304DB7}.Release|iPhoneSimulator.Build.0 = Release|Any CPU
	EndGlobalSection
	GlobalSection(SolutionProperties) = preSolution
		HideSolutionNode = FALSE
	EndGlobalSection
	GlobalSection(NestedProjects) = preSolution
		{39F2B5F9-A94B-4343-B661-007B36CCBC15} = {20B6B4A6-CEC0-4EEE-8EA0-DD05A2E67C4A}
		{CC3143B6-5302-4783-9F30-8077E1AB08A8} = {15A5C25E-A4FC-4973-9D82-55B667D47741}
		{7F3B62E5-A759-4AC6-9773-2F76460EB622} = {9DEA8F27-81FD-458A-B2FF-6834121DA950}
		{15A5C25E-A4FC-4973-9D82-55B667D47741} = {70C6376F-AAD4-4D3D-8147-7CFA74139262}
		{73488D39-F1D0-4EDF-95A8-EA03D8AD126B} = {166E1246-7341-4651-9CF0-7F965C77D839}
		{F9674F7B-07DF-4361-A119-FBF4CD4DCB74} = {4DB506D7-D699-4A6B-B848-E148AFA8F9F6}
		{5BCFC59A-102B-4A89-BA5A-BBE5A63B975F} = {9DEA8F27-81FD-458A-B2FF-6834121DA950}
		{CEEEB444-F6ED-4E86-8C63-42BFFC8CED9A} = {9DEA8F27-81FD-458A-B2FF-6834121DA950}
		{C874A1B5-9235-4F7A-8A92-60702B332495} = {9DEA8F27-81FD-458A-B2FF-6834121DA950}
		{E00445B8-BAB2-4D75-B9F9-82F9E0304DB7} = {4DB506D7-D699-4A6B-B848-E148AFA8F9F6}
	EndGlobalSection
	GlobalSection(ExtensibilityGlobals) = postSolution
		SolutionGuid = {AD054E37-A341-498B-92E7-D28723E3AFC4}
	EndGlobalSection
EndGlobal
