
Microsoft Visual Studio Solution File, Format Version 12.00
# Visual Studio Version 17
VisualStudioVersion = 17.0.31612.314
MinimumVisualStudioVersion = 10.0.40219.1
Project("{FAE04EC0-301F-11D3-BF4B-00C04F79EFBC}") = "Ebd.Domain.Core", "Ebd.Domain.Core\Ebd.Domain.Core.csproj", "{39F2B5F9-A94B-4343-B661-007B36CCBC15}"
EndProject
Project("{FAE04EC0-301F-11D3-BF4B-00C04F79EFBC}") = "Ebd.Infra.Data", "Ebd.Infra.Data\Ebd.Infra.Data.csproj", "{CC3143B6-5302-4783-9F30-8077E1AB08A8}"
EndProject
Project("{FAE04EC0-301F-11D3-BF4B-00C04F79EFBC}") = "Ebd.Presentation.Api", "Ebd.Presentation.Api\Ebd.Presentation.Api.csproj", "{7F3B62E5-A759-4AC6-9773-2F76460EB622}"
EndProject
Global
	GlobalSection(SolutionConfigurationPlatforms) = preSolution
		Debug|Any CPU = Debug|Any CPU
		Release|Any CPU = Release|Any CPU
	EndGlobalSection
	GlobalSection(ProjectConfigurationPlatforms) = postSolution
		{39F2B5F9-A94B-4343-B661-007B36CCBC15}.Debug|Any CPU.ActiveCfg = Debug|Any CPU
		{39F2B5F9-A94B-4343-B661-007B36CCBC15}.Debug|Any CPU.Build.0 = Debug|Any CPU
		{39F2B5F9-A94B-4343-B661-007B36CCBC15}.Release|Any CPU.ActiveCfg = Release|Any CPU
		{39F2B5F9-A94B-4343-B661-007B36CCBC15}.Release|Any CPU.Build.0 = Release|Any CPU
		{CC3143B6-5302-4783-9F30-8077E1AB08A8}.Debug|Any CPU.ActiveCfg = Debug|Any CPU
		{CC3143B6-5302-4783-9F30-8077E1AB08A8}.Debug|Any CPU.Build.0 = Debug|Any CPU
		{CC3143B6-5302-4783-9F30-8077E1AB08A8}.Release|Any CPU.ActiveCfg = Release|Any CPU
		{CC3143B6-5302-4783-9F30-8077E1AB08A8}.Release|Any CPU.Build.0 = Release|Any CPU
		{7F3B62E5-A759-4AC6-9773-2F76460EB622}.Debug|Any CPU.ActiveCfg = Debug|Any CPU
		{7F3B62E5-A759-4AC6-9773-2F76460EB622}.Debug|Any CPU.Build.0 = Debug|Any CPU
		{7F3B62E5-A759-4AC6-9773-2F76460EB622}.Release|Any CPU.ActiveCfg = Release|Any CPU
		{7F3B62E5-A759-4AC6-9773-2F76460EB622}.Release|Any CPU.Build.0 = Release|Any CPU
	EndGlobalSection
	GlobalSection(SolutionProperties) = preSolution
		HideSolutionNode = FALSE
	EndGlobalSection
	GlobalSection(ExtensibilityGlobals) = postSolution
		SolutionGuid = {AD054E37-A341-498B-92E7-D28723E3AFC4}
	EndGlobalSection
EndGlobal
